
Microsoft Visual Studio Solution File, Format Version 12.00
# Visual Studio 15
Project("{FAE04EC0-301F-11D3-BF4B-00C04F79EFBC}") = "JuegoBolos", "JuegoBolos.csproj", "{AB1737BA-DE08-8FBC-AAAA-D5656611BF90}"
EndProject
Project("{FAE04EC0-301F-11D3-BF4B-00C04F79EFBC}") = "JuegoBolos.Editor", "JuegoBolos.Editor.csproj", "{9F3C90BC-DEA4-DFA7-E73B-1A8E9C24F027}"
EndProject
Global
	GlobalSection(SolutionConfigurationPlatforms) = preSolution
		Debug|Any CPU = Debug|Any CPU
		Release|Any CPU = Release|Any CPU
	EndGlobalSection
	GlobalSection(ProjectConfigurationPlatforms) = postSolution
		{AB1737BA-DE08-8FBC-AAAA-D5656611BF90}.Debug|Any CPU.ActiveCfg = Debug|Any CPU
		{AB1737BA-DE08-8FBC-AAAA-D5656611BF90}.Debug|Any CPU.Build.0 = Debug|Any CPU
		{AB1737BA-DE08-8FBC-AAAA-D5656611BF90}.Release|Any CPU.ActiveCfg = Release|Any CPU
		{AB1737BA-DE08-8FBC-AAAA-D5656611BF90}.Release|Any CPU.Build.0 = Release|Any CPU
		{9F3C90BC-DEA4-DFA7-E73B-1A8E9C24F027}.Debug|Any CPU.ActiveCfg = Debug|Any CPU
		{9F3C90BC-DEA4-DFA7-E73B-1A8E9C24F027}.Debug|Any CPU.Build.0 = Debug|Any CPU
		{9F3C90BC-DEA4-DFA7-E73B-1A8E9C24F027}.Release|Any CPU.ActiveCfg = Release|Any CPU
		{9F3C90BC-DEA4-DFA7-E73B-1A8E9C24F027}.Release|Any CPU.Build.0 = Release|Any CPU
	EndGlobalSection
	GlobalSection(SolutionProperties) = preSolution
		HideSolutionNode = FALSE
	EndGlobalSection
EndGlobal
